
Microsoft Visual Studio Solution File, Format Version 12.00
# Visual Studio Version 17
VisualStudioVersion = 17.0.31903.59
MinimumVisualStudioVersion = 10.0.40219.1
Project("{FAE04EC0-301F-11D3-BF4B-00C04F79EFBC}") = "Chatty.ApplicationCore", "Chatty.ApplicationCore\Chatty.ApplicationCore.csproj", "{3A73AA3A-4514-48C3-915E-8DB374EE3712}"
EndProject
Project("{FAE04EC0-301F-11D3-BF4B-00C04F79EFBC}") = "Chatty.WebApi", "Chatty.WebApi\Chatty.WebApi.csproj", "{961FDB6A-B2C7-4136-8FC7-ACB8E347F33A}"
EndProject
Project("{FAE04EC0-301F-11D3-BF4B-00C04F79EFBC}") = "Chatty.Infrastructure", "Chatty.Infrastructure\Chatty.Infrastructure.csproj", "{0EE8FC61-2747-434A-99F7-EA43278E596F}"
EndProject
Project("{FAE04EC0-301F-11D3-BF4B-00C04F79EFBC}") = "Chatty.Tests", "Chatty.Tests\Chatty.Tests.csproj", "{9BA5BBE2-6821-4D9C-ABC0-521DC3262C7A}"
EndProject
Global
	GlobalSection(SolutionConfigurationPlatforms) = preSolution
		Debug|Any CPU = Debug|Any CPU
		Release|Any CPU = Release|Any CPU
	EndGlobalSection
	GlobalSection(SolutionProperties) = preSolution
		HideSolutionNode = FALSE
	EndGlobalSection
	GlobalSection(ProjectConfigurationPlatforms) = postSolution
		{3A73AA3A-4514-48C3-915E-8DB374EE3712}.Debug|Any CPU.ActiveCfg = Debug|Any CPU
		{3A73AA3A-4514-48C3-915E-8DB374EE3712}.Debug|Any CPU.Build.0 = Debug|Any CPU
		{3A73AA3A-4514-48C3-915E-8DB374EE3712}.Release|Any CPU.ActiveCfg = Release|Any CPU
		{3A73AA3A-4514-48C3-915E-8DB374EE3712}.Release|Any CPU.Build.0 = Release|Any CPU
		{961FDB6A-B2C7-4136-8FC7-ACB8E347F33A}.Debug|Any CPU.ActiveCfg = Debug|Any CPU
		{961FDB6A-B2C7-4136-8FC7-ACB8E347F33A}.Debug|Any CPU.Build.0 = Debug|Any CPU
		{961FDB6A-B2C7-4136-8FC7-ACB8E347F33A}.Release|Any CPU.ActiveCfg = Release|Any CPU
		{961FDB6A-B2C7-4136-8FC7-ACB8E347F33A}.Release|Any CPU.Build.0 = Release|Any CPU
		{0EE8FC61-2747-434A-99F7-EA43278E596F}.Debug|Any CPU.ActiveCfg = Debug|Any CPU
		{0EE8FC61-2747-434A-99F7-EA43278E596F}.Debug|Any CPU.Build.0 = Debug|Any CPU
		{0EE8FC61-2747-434A-99F7-EA43278E596F}.Release|Any CPU.ActiveCfg = Release|Any CPU
		{0EE8FC61-2747-434A-99F7-EA43278E596F}.Release|Any CPU.Build.0 = Release|Any CPU
		{9BA5BBE2-6821-4D9C-ABC0-521DC3262C7A}.Debug|Any CPU.ActiveCfg = Debug|Any CPU
		{9BA5BBE2-6821-4D9C-ABC0-521DC3262C7A}.Debug|Any CPU.Build.0 = Debug|Any CPU
		{9BA5BBE2-6821-4D9C-ABC0-521DC3262C7A}.Release|Any CPU.ActiveCfg = Release|Any CPU
		{9BA5BBE2-6821-4D9C-ABC0-521DC3262C7A}.Release|Any CPU.Build.0 = Release|Any CPU
	EndGlobalSection
EndGlobal
